
Microsoft Visual Studio Solution File, Format Version 12.00
# Visual Studio Version 17
VisualStudioVersion = 17.0.32014.148
MinimumVisualStudioVersion = 10.0.40219.1
Project("{FAE04EC0-301F-11D3-BF4B-00C04F79EFBC}") = "Juego_1", "Juego_1\Juego_1.csproj", "{898DA692-7F33-4797-B3F6-C98A5498020E}"
EndProject
Global
	GlobalSection(SolutionConfigurationPlatforms) = preSolution
		Debug|Any CPU = Debug|Any CPU
		Release|Any CPU = Release|Any CPU
	EndGlobalSection
	GlobalSection(ProjectConfigurationPlatforms) = postSolution
		{898DA692-7F33-4797-B3F6-C98A5498020E}.Debug|Any CPU.ActiveCfg = Debug|Any CPU
		{898DA692-7F33-4797-B3F6-C98A5498020E}.Debug|Any CPU.Build.0 = Debug|Any CPU
		{898DA692-7F33-4797-B3F6-C98A5498020E}.Release|Any CPU.ActiveCfg = Release|Any CPU
		{898DA692-7F33-4797-B3F6-C98A5498020E}.Release|Any CPU.Build.0 = Release|Any CPU
	EndGlobalSection
	GlobalSection(SolutionProperties) = preSolution
		HideSolutionNode = FALSE
	EndGlobalSection
	GlobalSection(ExtensibilityGlobals) = postSolution
		SolutionGuid = {211A7D7C-F838-49DC-B7DE-05395177417D}
	EndGlobalSection
EndGlobal
